
Microsoft Visual Studio Solution File, Format Version 11.00
# Visual Studio 2010
Project("{FAE04EC0-301F-11D3-BF4B-00C04F79EFBC}") = "EX001-PrvniProgram", "EX001-FirstProgram\EX001-PrvniProgram.csproj", "{B85EF345-5BEC-4E87-B361-8BFE4DC19E21}"
EndProject
Project("{FAE04EC0-301F-11D3-BF4B-00C04F79EFBC}") = "EX002-PouzitiPromenne", "EX002-PouzitiPromenne\EX002-PouzitiPromenne.csproj", "{054D2CBC-A199-4300-A066-4C0954369416}"
EndProject
Project("{FAE04EC0-301F-11D3-BF4B-00C04F79EFBC}") = "EX003-CelociselnePromenne", "EX003-CelociselnePromenne\EX003-CelociselnePromenne.csproj", "{BA47EFB5-741A-47E2-B732-DDB32D50F2E9}"
EndProject
Project("{FAE04EC0-301F-11D3-BF4B-00C04F79EFBC}") = "EX004-RealnePromenne", "EX004-RealnePromenne\EX004-RealnePromenne.csproj", "{7F983B27-669B-4ED8-B8C1-271EBBCD0A37}"
EndProject
Project("{FAE04EC0-301F-11D3-BF4B-00C04F79EFBC}") = "EX005-MatematickeOperace", "EX005-MatematickeOperace\EX005-MatematickeOperace.csproj", "{35FBEF38-D830-4E32-A4D4-70EE8923899A}"
EndProject
Project("{FAE04EC0-301F-11D3-BF4B-00C04F79EFBC}") = "EX006-CteniCisel", "EX006-StringMethods\EX006-CteniCisel.csproj", "{D704FEFE-7610-47D1-93A6-49859E286FEA}"
EndProject
Project("{FAE04EC0-301F-11D3-BF4B-00C04F79EFBC}") = "EX007-OperaceSRetezci", "EX007-OperaceSRetezci\EX007-OperaceSRetezci.csproj", "{046AAB0A-5765-4619-B156-36496EFC0284}"
EndProject
Project("{FAE04EC0-301F-11D3-BF4B-00C04F79EFBC}") = "EX008-DateTime", "EX008-DateTime\EX008-DateTime.csproj", "{9ACD3481-23F1-4BF1-9935-18820ED19902}"
EndProject
Project("{FAE04EC0-301F-11D3-BF4B-00C04F79EFBC}") = "EX009-ZakladniTrida", "EX009-ZakladniTrida\EX009-ZakladniTrida.csproj", "{337439AC-C030-4C41-AFF5-7D66F147B6BF}"
EndProject
Global
	GlobalSection(SolutionConfigurationPlatforms) = preSolution
		Debug|x86 = Debug|x86
		Release|x86 = Release|x86
	EndGlobalSection
	GlobalSection(ProjectConfigurationPlatforms) = postSolution
		{B85EF345-5BEC-4E87-B361-8BFE4DC19E21}.Debug|x86.ActiveCfg = Debug|x86
		{B85EF345-5BEC-4E87-B361-8BFE4DC19E21}.Debug|x86.Build.0 = Debug|x86
		{B85EF345-5BEC-4E87-B361-8BFE4DC19E21}.Release|x86.ActiveCfg = Release|x86
		{B85EF345-5BEC-4E87-B361-8BFE4DC19E21}.Release|x86.Build.0 = Release|x86
		{054D2CBC-A199-4300-A066-4C0954369416}.Debug|x86.ActiveCfg = Debug|x86
		{054D2CBC-A199-4300-A066-4C0954369416}.Debug|x86.Build.0 = Debug|x86
		{054D2CBC-A199-4300-A066-4C0954369416}.Release|x86.ActiveCfg = Release|x86
		{054D2CBC-A199-4300-A066-4C0954369416}.Release|x86.Build.0 = Release|x86
		{BA47EFB5-741A-47E2-B732-DDB32D50F2E9}.Debug|x86.ActiveCfg = Debug|x86
		{BA47EFB5-741A-47E2-B732-DDB32D50F2E9}.Debug|x86.Build.0 = Debug|x86
		{BA47EFB5-741A-47E2-B732-DDB32D50F2E9}.Release|x86.ActiveCfg = Release|x86
		{BA47EFB5-741A-47E2-B732-DDB32D50F2E9}.Release|x86.Build.0 = Release|x86
		{7F983B27-669B-4ED8-B8C1-271EBBCD0A37}.Debug|x86.ActiveCfg = Debug|x86
		{7F983B27-669B-4ED8-B8C1-271EBBCD0A37}.Debug|x86.Build.0 = Debug|x86
		{7F983B27-669B-4ED8-B8C1-271EBBCD0A37}.Release|x86.ActiveCfg = Release|x86
		{7F983B27-669B-4ED8-B8C1-271EBBCD0A37}.Release|x86.Build.0 = Release|x86
		{35FBEF38-D830-4E32-A4D4-70EE8923899A}.Debug|x86.ActiveCfg = Debug|x86
		{35FBEF38-D830-4E32-A4D4-70EE8923899A}.Debug|x86.Build.0 = Debug|x86
		{35FBEF38-D830-4E32-A4D4-70EE8923899A}.Release|x86.ActiveCfg = Release|x86
		{35FBEF38-D830-4E32-A4D4-70EE8923899A}.Release|x86.Build.0 = Release|x86
		{D704FEFE-7610-47D1-93A6-49859E286FEA}.Debug|x86.ActiveCfg = Debug|x86
		{D704FEFE-7610-47D1-93A6-49859E286FEA}.Debug|x86.Build.0 = Debug|x86
		{D704FEFE-7610-47D1-93A6-49859E286FEA}.Release|x86.ActiveCfg = Release|x86
		{D704FEFE-7610-47D1-93A6-49859E286FEA}.Release|x86.Build.0 = Release|x86
		{046AAB0A-5765-4619-B156-36496EFC0284}.Debug|x86.ActiveCfg = Debug|x86
		{046AAB0A-5765-4619-B156-36496EFC0284}.Debug|x86.Build.0 = Debug|x86
		{046AAB0A-5765-4619-B156-36496EFC0284}.Release|x86.ActiveCfg = Release|x86
		{046AAB0A-5765-4619-B156-36496EFC0284}.Release|x86.Build.0 = Release|x86
		{9ACD3481-23F1-4BF1-9935-18820ED19902}.Debug|x86.ActiveCfg = Debug|x86
		{9ACD3481-23F1-4BF1-9935-18820ED19902}.Debug|x86.Build.0 = Debug|x86
		{9ACD3481-23F1-4BF1-9935-18820ED19902}.Release|x86.ActiveCfg = Release|x86
		{9ACD3481-23F1-4BF1-9935-18820ED19902}.Release|x86.Build.0 = Release|x86
		{337439AC-C030-4C41-AFF5-7D66F147B6BF}.Debug|x86.ActiveCfg = Debug|x86
		{337439AC-C030-4C41-AFF5-7D66F147B6BF}.Debug|x86.Build.0 = Debug|x86
		{337439AC-C030-4C41-AFF5-7D66F147B6BF}.Release|x86.ActiveCfg = Release|x86
		{337439AC-C030-4C41-AFF5-7D66F147B6BF}.Release|x86.Build.0 = Release|x86
	EndGlobalSection
	GlobalSection(SolutionProperties) = preSolution
		HideSolutionNode = FALSE
	EndGlobalSection
EndGlobal
