
Microsoft Visual Studio Solution File, Format Version 12.00
# Visual Studio 15
VisualStudioVersion = 15.0.26730.16
MinimumVisualStudioVersion = 10.0.40219.1
Project("{FAE04EC0-301F-11D3-BF4B-00C04F79EFBC}") = "Priklad 01", "Priklad 01\Priklad 01.csproj", "{7C6338BC-0462-4683-9FE3-40FE92934A28}"
EndProject
Project("{FAE04EC0-301F-11D3-BF4B-00C04F79EFBC}") = "Priklad 02", "Priklad 02\Priklad 02.csproj", "{9221FF87-04D1-496E-9291-87EADA9514AE}"
EndProject
Project("{FAE04EC0-301F-11D3-BF4B-00C04F79EFBC}") = "Priklad 03", "Priklad 03\Priklad 03.csproj", "{AEB72A19-8894-43A5-94B8-C631A71AE7AE}"
EndProject
Global
	GlobalSection(SolutionConfigurationPlatforms) = preSolution
		Debug|Any CPU = Debug|Any CPU
		Release|Any CPU = Release|Any CPU
	EndGlobalSection
	GlobalSection(ProjectConfigurationPlatforms) = postSolution
		{7C6338BC-0462-4683-9FE3-40FE92934A28}.Debug|Any CPU.ActiveCfg = Debug|Any CPU
		{7C6338BC-0462-4683-9FE3-40FE92934A28}.Debug|Any CPU.Build.0 = Debug|Any CPU
		{7C6338BC-0462-4683-9FE3-40FE92934A28}.Release|Any CPU.ActiveCfg = Release|Any CPU
		{7C6338BC-0462-4683-9FE3-40FE92934A28}.Release|Any CPU.Build.0 = Release|Any CPU
		{9221FF87-04D1-496E-9291-87EADA9514AE}.Debug|Any CPU.ActiveCfg = Debug|Any CPU
		{9221FF87-04D1-496E-9291-87EADA9514AE}.Debug|Any CPU.Build.0 = Debug|Any CPU
		{9221FF87-04D1-496E-9291-87EADA9514AE}.Release|Any CPU.ActiveCfg = Release|Any CPU
		{9221FF87-04D1-496E-9291-87EADA9514AE}.Release|Any CPU.Build.0 = Release|Any CPU
		{AEB72A19-8894-43A5-94B8-C631A71AE7AE}.Debug|Any CPU.ActiveCfg = Debug|Any CPU
		{AEB72A19-8894-43A5-94B8-C631A71AE7AE}.Debug|Any CPU.Build.0 = Debug|Any CPU
		{AEB72A19-8894-43A5-94B8-C631A71AE7AE}.Release|Any CPU.ActiveCfg = Release|Any CPU
		{AEB72A19-8894-43A5-94B8-C631A71AE7AE}.Release|Any CPU.Build.0 = Release|Any CPU
	EndGlobalSection
	GlobalSection(SolutionProperties) = preSolution
		HideSolutionNode = FALSE
	EndGlobalSection
	GlobalSection(ExtensibilityGlobals) = postSolution
		SolutionGuid = {9E1C1EC4-8527-43D4-BF3C-75CC0D0EC63D}
	EndGlobalSection
EndGlobal
